
Microsoft Visual Studio Solution File, Format Version 12.00
# Visual Studio 15
VisualStudioVersion = 15.0.27004.2008
MinimumVisualStudioVersion = 10.0.40219.1
Project("{FAE04EC0-301F-11D3-BF4B-00C04F79EFBC}") = "smartchUWP", "smartchUWP\smartchUWP.csproj", "{5570DD31-82C6-470B-84FB-241BCCD53896}"
EndProject
Project("{FAE04EC0-301F-11D3-BF4B-00C04F79EFBC}") = "Model", "Model\Model.csproj", "{FC99ED5D-09B4-4CA7-8F2F-84A4257B857A}"
EndProject
Project("{FAE04EC0-301F-11D3-BF4B-00C04F79EFBC}") = "DataAccess", "DataAccess\DataAccess.csproj", "{206B7EC8-A9FC-4890-954F-472C0F54BD0E}"
EndProject
Global
	GlobalSection(SolutionConfigurationPlatforms) = preSolution
		Debug|Any CPU = Debug|Any CPU
		Debug|ARM = Debug|ARM
		Debug|x64 = Debug|x64
		Debug|x86 = Debug|x86
		Release|Any CPU = Release|Any CPU
		Release|ARM = Release|ARM
		Release|x64 = Release|x64
		Release|x86 = Release|x86
	EndGlobalSection
	GlobalSection(ProjectConfigurationPlatforms) = postSolution
		{5570DD31-82C6-470B-84FB-241BCCD53896}.Debug|Any CPU.ActiveCfg = Debug|x64
		{5570DD31-82C6-470B-84FB-241BCCD53896}.Debug|Any CPU.Build.0 = Debug|x64
		{5570DD31-82C6-470B-84FB-241BCCD53896}.Debug|Any CPU.Deploy.0 = Debug|x64
		{5570DD31-82C6-470B-84FB-241BCCD53896}.Debug|ARM.ActiveCfg = Debug|ARM
		{5570DD31-82C6-470B-84FB-241BCCD53896}.Debug|ARM.Build.0 = Debug|ARM
		{5570DD31-82C6-470B-84FB-241BCCD53896}.Debug|ARM.Deploy.0 = Debug|ARM
		{5570DD31-82C6-470B-84FB-241BCCD53896}.Debug|x64.ActiveCfg = Debug|x64
		{5570DD31-82C6-470B-84FB-241BCCD53896}.Debug|x64.Build.0 = Debug|x64
		{5570DD31-82C6-470B-84FB-241BCCD53896}.Debug|x64.Deploy.0 = Debug|x64
		{5570DD31-82C6-470B-84FB-241BCCD53896}.Debug|x86.ActiveCfg = Debug|x86
		{5570DD31-82C6-470B-84FB-241BCCD53896}.Debug|x86.Build.0 = Debug|x86
		{5570DD31-82C6-470B-84FB-241BCCD53896}.Debug|x86.Deploy.0 = Debug|x86
		{5570DD31-82C6-470B-84FB-241BCCD53896}.Release|Any CPU.ActiveCfg = Release|x86
		{5570DD31-82C6-470B-84FB-241BCCD53896}.Release|ARM.ActiveCfg = Release|ARM
		{5570DD31-82C6-470B-84FB-241BCCD53896}.Release|ARM.Build.0 = Release|ARM
		{5570DD31-82C6-470B-84FB-241BCCD53896}.Release|ARM.Deploy.0 = Release|ARM
		{5570DD31-82C6-470B-84FB-241BCCD53896}.Release|x64.ActiveCfg = Release|x64
		{5570DD31-82C6-470B-84FB-241BCCD53896}.Release|x64.Build.0 = Release|x64
		{5570DD31-82C6-470B-84FB-241BCCD53896}.Release|x64.Deploy.0 = Release|x64
		{5570DD31-82C6-470B-84FB-241BCCD53896}.Release|x86.ActiveCfg = Release|x86
		{5570DD31-82C6-470B-84FB-241BCCD53896}.Release|x86.Build.0 = Release|x86
		{5570DD31-82C6-470B-84FB-241BCCD53896}.Release|x86.Deploy.0 = Release|x86
		{FC99ED5D-09B4-4CA7-8F2F-84A4257B857A}.Debug|Any CPU.ActiveCfg = Debug|Any CPU
		{FC99ED5D-09B4-4CA7-8F2F-84A4257B857A}.Debug|Any CPU.Build.0 = Debug|Any CPU
		{FC99ED5D-09B4-4CA7-8F2F-84A4257B857A}.Debug|ARM.ActiveCfg = Debug|ARM
		{FC99ED5D-09B4-4CA7-8F2F-84A4257B857A}.Debug|ARM.Build.0 = Debug|ARM
		{FC99ED5D-09B4-4CA7-8F2F-84A4257B857A}.Debug|x64.ActiveCfg = Debug|x64
		{FC99ED5D-09B4-4CA7-8F2F-84A4257B857A}.Debug|x64.Build.0 = Debug|x64
		{FC99ED5D-09B4-4CA7-8F2F-84A4257B857A}.Debug|x86.ActiveCfg = Debug|x86
		{FC99ED5D-09B4-4CA7-8F2F-84A4257B857A}.Debug|x86.Build.0 = Debug|x86
		{FC99ED5D-09B4-4CA7-8F2F-84A4257B857A}.Release|Any CPU.ActiveCfg = Release|Any CPU
		{FC99ED5D-09B4-4CA7-8F2F-84A4257B857A}.Release|Any CPU.Build.0 = Release|Any CPU
		{FC99ED5D-09B4-4CA7-8F2F-84A4257B857A}.Release|ARM.ActiveCfg = Release|ARM
		{FC99ED5D-09B4-4CA7-8F2F-84A4257B857A}.Release|ARM.Build.0 = Release|ARM
		{FC99ED5D-09B4-4CA7-8F2F-84A4257B857A}.Release|x64.ActiveCfg = Release|x64
		{FC99ED5D-09B4-4CA7-8F2F-84A4257B857A}.Release|x64.Build.0 = Release|x64
		{FC99ED5D-09B4-4CA7-8F2F-84A4257B857A}.Release|x86.ActiveCfg = Release|x86
		{FC99ED5D-09B4-4CA7-8F2F-84A4257B857A}.Release|x86.Build.0 = Release|x86
		{206B7EC8-A9FC-4890-954F-472C0F54BD0E}.Debug|Any CPU.ActiveCfg = Debug|Any CPU
		{206B7EC8-A9FC-4890-954F-472C0F54BD0E}.Debug|Any CPU.Build.0 = Debug|Any CPU
		{206B7EC8-A9FC-4890-954F-472C0F54BD0E}.Debug|ARM.ActiveCfg = Debug|ARM
		{206B7EC8-A9FC-4890-954F-472C0F54BD0E}.Debug|ARM.Build.0 = Debug|ARM
		{206B7EC8-A9FC-4890-954F-472C0F54BD0E}.Debug|x64.ActiveCfg = Debug|x64
		{206B7EC8-A9FC-4890-954F-472C0F54BD0E}.Debug|x64.Build.0 = Debug|x64
		{206B7EC8-A9FC-4890-954F-472C0F54BD0E}.Debug|x86.ActiveCfg = Debug|x86
		{206B7EC8-A9FC-4890-954F-472C0F54BD0E}.Debug|x86.Build.0 = Debug|x86
		{206B7EC8-A9FC-4890-954F-472C0F54BD0E}.Release|Any CPU.ActiveCfg = Release|Any CPU
		{206B7EC8-A9FC-4890-954F-472C0F54BD0E}.Release|Any CPU.Build.0 = Release|Any CPU
		{206B7EC8-A9FC-4890-954F-472C0F54BD0E}.Release|ARM.ActiveCfg = Release|ARM
		{206B7EC8-A9FC-4890-954F-472C0F54BD0E}.Release|ARM.Build.0 = Release|ARM
		{206B7EC8-A9FC-4890-954F-472C0F54BD0E}.Release|x64.ActiveCfg = Release|x64
		{206B7EC8-A9FC-4890-954F-472C0F54BD0E}.Release|x64.Build.0 = Release|x64
		{206B7EC8-A9FC-4890-954F-472C0F54BD0E}.Release|x86.ActiveCfg = Release|x86
		{206B7EC8-A9FC-4890-954F-472C0F54BD0E}.Release|x86.Build.0 = Release|x86
	EndGlobalSection
	GlobalSection(SolutionProperties) = preSolution
		HideSolutionNode = FALSE
	EndGlobalSection
	GlobalSection(ExtensibilityGlobals) = postSolution
		SolutionGuid = {336A59C2-A693-4CB4-94ED-9C6E043BBA14}
	EndGlobalSection
EndGlobal
